// !$*UTF8*$!
{
	archiveVersion = 1;
	classes = {
	};
	objectVersion = 46;
	objects = {

/* Begin PBXBuildFile section */
		08AAFA6E19DB7EB7000E1D05 /* AppDelegate.swift in Sources */ = {isa = PBXBuildFile; fileRef = 08AAFA6D19DB7EB7000E1D05 /* AppDelegate.swift */; };
		08AAFA7119DB7EB7000E1D05 /* Stopwatch.xcdatamodeld in Sources */ = {isa = PBXBuildFile; fileRef = 08AAFA6F19DB7EB7000E1D05 /* Stopwatch.xcdatamodeld */; };
		08AAFA7319DB7EB7000E1D05 /* ViewController.swift in Sources */ = {isa = PBXBuildFile; fileRef = 08AAFA7219DB7EB7000E1D05 /* ViewController.swift */; };
		08AAFA7619DB7EB7000E1D05 /* Main.storyboard in Resources */ = {isa = PBXBuildFile; fileRef = 08AAFA7419DB7EB7000E1D05 /* Main.storyboard */; };
		08AAFA7819DB7EB7000E1D05 /* Images.xcassets in Resources */ = {isa = PBXBuildFile; fileRef = 08AAFA7719DB7EB7000E1D05 /* Images.xcassets */; };
		08AAFA8419DB7EB8000E1D05 /* StopwatchTests.swift in Sources */ = {isa = PBXBuildFile; fileRef = 08AAFA8319DB7EB8000E1D05 /* StopwatchTests.swift */; };
/* End PBXBuildFile section */

/* Begin PBXContainerItemProxy section */
		08AAFA7E19DB7EB8000E1D05 /* PBXContainerItemProxy */ = {
			isa = PBXContainerItemProxy;
			containerPortal = 08AAFA6019DB7EB7000E1D05 /* Project object */;
			proxyType = 1;
			remoteGlobalIDString = 08AAFA6719DB7EB7000E1D05;
			remoteInfo = Stopwatch;
		};
/* End PBXContainerItemProxy section */

/* Begin PBXFileReference section */
		08AAFA6819DB7EB7000E1D05 /* Stopwatch.app */ = {isa = PBXFileReference; explicitFileType = wrapper.application; includeInIndex = 0; path = Stopwatch.app; sourceTree = BUILT_PRODUCTS_DIR; };
		08AAFA6C19DB7EB7000E1D05 /* Info.plist */ = {isa = PBXFileReference; lastKnownFileType = text.plist.xml; path = Info.plist; sourceTree = "<group>"; };
		08AAFA6D19DB7EB7000E1D05 /* AppDelegate.swift */ = {isa = PBXFileReference; lastKnownFileType = sourcecode.swift; path = AppDelegate.swift; sourceTree = "<group>"; };
		08AAFA7019DB7EB7000E1D05 /* Stopwatch.xcdatamodel */ = {isa = PBXFileReference; lastKnownFileType = wrapper.xcdatamodel; path = Stopwatch.xcdatamodel; sourceTree = "<group>"; };
		08AAFA7219DB7EB7000E1D05 /* ViewController.swift */ = {isa = PBXFileReference; lastKnownFileType = sourcecode.swift; path = ViewController.swift; sourceTree = "<group>"; };
		08AAFA7519DB7EB7000E1D05 /* Base */ = {isa = PBXFileReference; lastKnownFileType = file.storyboard; name = Base; path = Base.lproj/Main.storyboard; sourceTree = "<group>"; };
		08AAFA7719DB7EB7000E1D05 /* Images.xcassets */ = {isa = PBXFileReference; lastKnownFileType = folder.assetcatalog; path = Images.xcassets; sourceTree = "<group>"; };
		08AAFA7D19DB7EB8000E1D05 /* StopwatchTests.xctest */ = {isa = PBXFileReference; explicitFileType = wrapper.cfbundle; includeInIndex = 0; path = StopwatchTests.xctest; sourceTree = BUILT_PRODUCTS_DIR; };
		08AAFA8219DB7EB8000E1D05 /* Info.plist */ = {isa = PBXFileReference; lastKnownFileType = text.plist.xml; path = Info.plist; sourceTree = "<group>"; };
		08AAFA8319DB7EB8000E1D05 /* StopwatchTests.swift */ = {isa = PBXFileReference; lastKnownFileType = sourcecode.swift; path = StopwatchTests.swift; sourceTree = "<group>"; };
/* End PBXFileReference section */

/* Begin PBXFrameworksBuildPhase section */
		08AAFA6519DB7EB7000E1D05 /* Frameworks */ = {
			isa = PBXFrameworksBuildPhase;
			buildActionMask = 2147483647;
			files = (
			);
			runOnlyForDeploymentPostprocessing = 0;
		};
		08AAFA7A19DB7EB8000E1D05 /* Frameworks */ = {
			isa = PBXFrameworksBuildPhase;
			buildActionMask = 2147483647;
			files = (
			);
			runOnlyForDeploymentPostprocessing = 0;
		};
/* End PBXFrameworksBuildPhase section */

/* Begin PBXGroup section */
		08AAFA5F19DB7EB7000E1D05 = {
			isa = PBXGroup;
			children = (
				08AAFA6A19DB7EB7000E1D05 /* Stopwatch */,
				08AAFA8019DB7EB8000E1D05 /* StopwatchTests */,
				08AAFA6919DB7EB7000E1D05 /* Products */,
			);
			sourceTree = "<group>";
		};
		08AAFA6919DB7EB7000E1D05 /* Products */ = {
			isa = PBXGroup;
			children = (
				08AAFA6819DB7EB7000E1D05 /* Stopwatch.app */,
				08AAFA7D19DB7EB8000E1D05 /* StopwatchTests.xctest */,
			);
			name = Products;
			sourceTree = "<group>";
		};
		08AAFA6A19DB7EB7000E1D05 /* Stopwatch */ = {
			isa = PBXGroup;
			children = (
				08AAFA6D19DB7EB7000E1D05 /* AppDelegate.swift */,
				08AAFA7219DB7EB7000E1D05 /* ViewController.swift */,
				08AAFA7419DB7EB7000E1D05 /* Main.storyboard */,
				08AAFA7719DB7EB7000E1D05 /* Images.xcassets */,
				08AAFA6F19DB7EB7000E1D05 /* Stopwatch.xcdatamodeld */,
				08AAFA6B19DB7EB7000E1D05 /* Supporting Files */,
			);
			path = Stopwatch;
			sourceTree = "<group>";
		};
		08AAFA6B19DB7EB7000E1D05 /* Supporting Files */ = {
			isa = PBXGroup;
			children = (
				08AAFA6C19DB7EB7000E1D05 /* Info.plist */,
			);
			name = "Supporting Files";
			sourceTree = "<group>";
		};
		08AAFA8019DB7EB8000E1D05 /* StopwatchTests */ = {
			isa = PBXGroup;
			children = (
				08AAFA8319DB7EB8000E1D05 /* StopwatchTests.swift */,
				08AAFA8119DB7EB8000E1D05 /* Supporting Files */,
			);
			path = StopwatchTests;
			sourceTree = "<group>";
		};
		08AAFA8119DB7EB8000E1D05 /* Supporting Files */ = {
			isa = PBXGroup;
			children = (
				08AAFA8219DB7EB8000E1D05 /* Info.plist */,
			);
			name = "Supporting Files";
			sourceTree = "<group>";
		};
/* End PBXGroup section */

/* Begin PBXNativeTarget section */
		08AAFA6719DB7EB7000E1D05 /* Stopwatch */ = {
			isa = PBXNativeTarget;
			buildConfigurationList = 08AAFA8719DB7EB8000E1D05 /* Build configuration list for PBXNativeTarget "Stopwatch" */;
			buildPhases = (
				08AAFA6419DB7EB7000E1D05 /* Sources */,
				08AAFA6519DB7EB7000E1D05 /* Frameworks */,
				08AAFA6619DB7EB7000E1D05 /* Resources */,
			);
			buildRules = (
			);
			dependencies = (
			);
			name = Stopwatch;
			productName = Stopwatch;
			productReference = 08AAFA6819DB7EB7000E1D05 /* Stopwatch.app */;
			productType = "com.apple.product-type.application";
		};
		08AAFA7C19DB7EB8000E1D05 /* StopwatchTests */ = {
			isa = PBXNativeTarget;
			buildConfigurationList = 08AAFA8A19DB7EB8000E1D05 /* Build configuration list for PBXNativeTarget "StopwatchTests" */;
			buildPhases = (
				08AAFA7919DB7EB8000E1D05 /* Sources */,
				08AAFA7A19DB7EB8000E1D05 /* Frameworks */,
				08AAFA7B19DB7EB8000E1D05 /* Resources */,
			);
			buildRules = (
			);
			dependencies = (
				08AAFA7F19DB7EB8000E1D05 /* PBXTargetDependency */,
			);
			name = StopwatchTests;
			productName = StopwatchTests;
			productReference = 08AAFA7D19DB7EB8000E1D05 /* StopwatchTests.xctest */;
			productType = "com.apple.product-type.bundle.unit-test";
		};
/* End PBXNativeTarget section */

/* Begin PBXProject section */
		08AAFA6019DB7EB7000E1D05 /* Project object */ = {
			isa = PBXProject;
			attributes = {
				LastUpgradeCheck = 0600;
				ORGANIZATIONNAME = "Mat Sletten";
				TargetAttributes = {
					08AAFA6719DB7EB7000E1D05 = {
						CreatedOnToolsVersion = 6.0;
					};
					08AAFA7C19DB7EB8000E1D05 = {
						CreatedOnToolsVersion = 6.0;
						TestTargetID = 08AAFA6719DB7EB7000E1D05;
					};
				};
			};
			buildConfigurationList = 08AAFA6319DB7EB7000E1D05 /* Build configuration list for PBXProject "Stopwatch" */;
			compatibilityVersion = "Xcode 3.2";
			developmentRegion = English;
			hasScannedForEncodings = 0;
			knownRegions = (
				en,
				Base,
			);
			mainGroup = 08AAFA5F19DB7EB7000E1D05;
			productRefGroup = 08AAFA6919DB7EB7000E1D05 /* Products */;
			projectDirPath = "";
			projectRoot = "";
			targets = (
				08AAFA6719DB7EB7000E1D05 /* Stopwatch */,
				08AAFA7C19DB7EB8000E1D05 /* StopwatchTests */,
			);
		};
/* End PBXProject section */

/* Begin PBXResourcesBuildPhase section */
		08AAFA6619DB7EB7000E1D05 /* Resources */ = {
			isa = PBXResourcesBuildPhase;
			buildActionMask = 2147483647;
			files = (
				08AAFA7619DB7EB7000E1D05 /* Main.storyboard in Resources */,
				08AAFA7819DB7EB7000E1D05 /* Images.xcassets in Resources */,
			);
			runOnlyForDeploymentPostprocessing = 0;
		};
		08AAFA7B19DB7EB8000E1D05 /* Resources */ = {
			isa = PBXResourcesBuildPhase;
			buildActionMask = 2147483647;
			files = (
			);
			runOnlyForDeploymentPostprocessing = 0;
		};
/* End PBXResourcesBuildPhase section */

/* Begin PBXSourcesBuildPhase section */
		08AAFA6419DB7EB7000E1D05 /* Sources */ = {
			isa = PBXSourcesBuildPhase;
			buildActionMask = 2147483647;
			files = (
				08AAFA7319DB7EB7000E1D05 /* ViewController.swift in Sources */,
				08AAFA6E19DB7EB7000E1D05 /* AppDelegate.swift in Sources */,
				08AAFA7119DB7EB7000E1D05 /* Stopwatch.xcdatamodeld in Sources */,
			);
			runOnlyForDeploymentPostprocessing = 0;
		};
		08AAFA7919DB7EB8000E1D05 /* Sources */ = {
			isa = PBXSourcesBuildPhase;
			buildActionMask = 2147483647;
			files = (
				08AAFA8419DB7EB8000E1D05 /* StopwatchTests.swift in Sources */,
			);
			runOnlyForDeploymentPostprocessing = 0;
		};
/* End PBXSourcesBuildPhase section */

/* Begin PBXTargetDependency section */
		08AAFA7F19DB7EB8000E1D05 /* PBXTargetDependency */ = {
			isa = PBXTargetDependency;
			target = 08AAFA6719DB7EB7000E1D05 /* Stopwatch */;
			targetProxy = 08AAFA7E19DB7EB8000E1D05 /* PBXContainerItemProxy */;
		};
/* End PBXTargetDependency section */

/* Begin PBXVariantGroup section */
		08AAFA7419DB7EB7000E1D05 /* Main.storyboard */ = {
			isa = PBXVariantGroup;
			children = (
				08AAFA7519DB7EB7000E1D05 /* Base */,
			);
			name = Main.storyboard;
			sourceTree = "<group>";
		};
/* End PBXVariantGroup section */

/* Begin XCBuildConfiguration section */
		08AAFA8519DB7EB8000E1D05 /* Debug */ = {
			isa = XCBuildConfiguration;
			buildSettings = {
				ALWAYS_SEARCH_USER_PATHS = NO;
				CLANG_CXX_LANGUAGE_STANDARD = "gnu++0x";
				CLANG_CXX_LIBRARY = "libc++";
				CLANG_ENABLE_MODULES = YES;
				CLANG_ENABLE_OBJC_ARC = YES;
				CLANG_WARN_BOOL_CONVERSION = YES;
				CLANG_WARN_CONSTANT_CONVERSION = YES;
				CLANG_WARN_DIRECT_OBJC_ISA_USAGE = YES_ERROR;
				CLANG_WARN_EMPTY_BODY = YES;
				CLANG_WARN_ENUM_CONVERSION = YES;
				CLANG_WARN_INT_CONVERSION = YES;
				CLANG_WARN_OBJC_ROOT_CLASS = YES_ERROR;
				CLANG_WARN_UNREACHABLE_CODE = YES;
				CLANG_WARN__DUPLICATE_METHOD_MATCH = YES;
				"CODE_SIGN_IDENTITY[sdk=iphoneos*]" = "iPhone Developer";
				COPY_PHASE_STRIP = NO;
				ENABLE_STRICT_OBJC_MSGSEND = YES;
				GCC_C_LANGUAGE_STANDARD = gnu99;
				GCC_DYNAMIC_NO_PIC = NO;
				GCC_OPTIMIZATION_LEVEL = 0;
				GCC_PREPROCESSOR_DEFINITIONS = (
					"DEBUG=1",
					"$(inherited)",
				);
				GCC_SYMBOLS_PRIVATE_EXTERN = NO;
				GCC_WARN_64_TO_32_BIT_CONVERSION = YES;
				GCC_WARN_ABOUT_RETURN_TYPE = YES_ERROR;
				GCC_WARN_UNDECLARED_SELECTOR = YES;
				GCC_WARN_UNINITIALIZED_AUTOS = YES_AGGRESSIVE;
				GCC_WARN_UNUSED_FUNCTION = YES;
				GCC_WARN_UNUSED_VARIABLE = YES;
				IPHONEOS_DEPLOYMENT_TARGET = 8.0;
				MTL_ENABLE_DEBUG_INFO = YES;
				ONLY_ACTIVE_ARCH = YES;
				SDKROOT = iphoneos;
				SWIFT_OPTIMIZATION_LEVEL = "-Onone";
			};
			name = Debug;
		};
		08AAFA8619DB7EB8000E1D05 /* Release */ = {
			isa = XCBuildConfiguration;
			buildSettings = {
				ALWAYS_SEARCH_USER_PATHS = NO;
				CLANG_CXX_LANGUAGE_STANDARD = "gnu++0x";
				CLANG_CXX_LIBRARY = "libc++";
				CLANG_ENABLE_MODULES = YES;
				CLANG_ENABLE_OBJC_ARC = YES;
				CLANG_WARN_BOOL_CONVERSION = YES;
				CLANG_WARN_CONSTANT_CONVERSION = YES;
				CLANG_WARN_DIRECT_OBJC_ISA_USAGE = YES_ERROR;
				CLANG_WARN_EMPTY_BODY = YES;
				CLANG_WARN_ENUM_CONVERSION = YES;
				CLANG_WARN_INT_CONVERSION = YES;
				CLANG_WARN_OBJC_ROOT_CLASS = YES_ERROR;
				CLANG_WARN_UNREACHABLE_CODE = YES;
				CLANG_WARN__DUPLICATE_METHOD_MATCH = YES;
				"CODE_SIGN_IDENTITY[sdk=iphoneos*]" = "iPhone Developer";
				COPY_PHASE_STRIP = YES;
				ENABLE_NS_ASSERTIONS = NO;
				ENABLE_STRICT_OBJC_MSGSEND = YES;
				GCC_C_LANGUAGE_STANDARD = gnu99;
				GCC_WARN_64_TO_32_BIT_CONVERSION = YES;
				GCC_WARN_ABOUT_RETURN_TYPE = YES_ERROR;
				GCC_WARN_UNDECLARED_SELECTOR = YES;
				GCC_WARN_UNINITIALIZED_AUTOS = YES_AGGRESSIVE;
				GCC_WARN_UNUSED_FUNCTION = YES;
				GCC_WARN_UNUSED_VARIABLE = YES;
				IPHONEOS_DEPLOYMENT_TARGET = 8.0;
				MTL_ENABLE_DEBUG_INFO = NO;
				SDKROOT = iphoneos;
				VALIDATE_PRODUCT = YES;
			};
			name = Release;
		};
		08AAFA8819DB7EB8000E1D05 /* Debug */ = {
			isa = XCBuildConfiguration;
			buildSettings = {
				ASSETCATALOG_COMPILER_APPICON_NAME = AppIcon;
				ASSETCATALOG_COMPILER_LAUNCHIMAGE_NAME = LaunchImage;
				INFOPLIST_FILE = Stopwatch/Info.plist;
				LD_RUNPATH_SEARCH_PATHS = "$(inherited) @executable_path/Frameworks";
				PRODUCT_NAME = "$(TARGET_NAME)";
			};
			name = Debug;
		};
		08AAFA8919DB7EB8000E1D05 /* Release */ = {
			isa = XCBuildConfiguration;
			buildSettings = {
				ASSETCATALOG_COMPILER_APPICON_NAME = AppIcon;
				ASSETCATALOG_COMPILER_LAUNCHIMAGE_NAME = LaunchImage;
				INFOPLIST_FILE = Stopwatch/Info.plist;
				LD_RUNPATH_SEARCH_PATHS = "$(inherited) @executable_path/Frameworks";
				PRODUCT_NAME = "$(TARGET_NAME)";
			};
			name = Release;
		};
		08AAFA8B19DB7EB8000E1D05 /* Debug */ = {
			isa = XCBuildConfiguration;
			buildSettings = {
				BUNDLE_LOADER = "$(TEST_HOST)";
				FRAMEWORK_SEARCH_PATHS = (
					"$(SDKROOT)/Developer/Library/Frameworks",
					"$(inherited)",
				);
				GCC_PREPROCESSOR_DEFINITIONS = (
					"DEBUG=1",
					"$(inherited)",
				);
				INFOPLIST_FILE = StopwatchTests/Info.plist;
				LD_RUNPATH_SEARCH_PATHS = "$(inherited) @executable_path/Frameworks @loader_path/Frameworks";
				PRODUCT_NAME = "$(TARGET_NAME)";
				TEST_HOST = "$(BUILT_PRODUCTS_DIR)/Stopwatch.app/Stopwatch";
			};
			name = Debug;
		};
		08AAFA8C19DB7EB8000E1D05 /* Release */ = {
			isa = XCBuildConfiguration;
			buildSettings = {
				BUNDLE_LOADER = "$(TEST_HOST)";
				FRAMEWORK_SEARCH_PATHS = (
					"$(SDKROOT)/Developer/Library/Frameworks",
					"$(inherited)",
				);
				INFOPLIST_FILE = StopwatchTests/Info.plist;
				LD_RUNPATH_SEARCH_PATHS = "$(inherited) @executable_path/Frameworks @loader_path/Frameworks";
				PRODUCT_NAME = "$(TARGET_NAME)";
				TEST_HOST = "$(BUILT_PRODUCTS_DIR)/Stopwatch.app/Stopwatch";
			};
			name = Release;
		};
/* End XCBuildConfiguration section */

/* Begin XCConfigurationList section */
		08AAFA6319DB7EB7000E1D05 /* Build configuration list for PBXProject "Stopwatch" */ = {
			isa = XCConfigurationList;
			buildConfigurations = (
				08AAFA8519DB7EB8000E1D05 /* Debug */,
				08AAFA8619DB7EB8000E1D05 /* Release */,
			);
			defaultConfigurationIsVisible = 0;
			defaultConfigurationName = Release;
		};
		08AAFA8719DB7EB8000E1D05 /* Build configuration list for PBXNativeTarget "Stopwatch" */ = {
			isa = XCConfigurationList;
			buildConfigurations = (
				08AAFA8819DB7EB8000E1D05 /* Debug */,
				08AAFA8919DB7EB8000E1D05 /* Release */,
			);
			defaultConfigurationIsVisible = 0;
		};
		08AAFA8A19DB7EB8000E1D05 /* Build configuration list for PBXNativeTarget "StopwatchTests" */ = {
			isa = XCConfigurationList;
			buildConfigurations = (
				08AAFA8B19DB7EB8000E1D05 /* Debug */,
				08AAFA8C19DB7EB8000E1D05 /* Release */,
			);
			defaultConfigurationIsVisible = 0;
		};
/* End XCConfigurationList section */

/* Begin XCVersionGroup section */
		08AAFA6F19DB7EB7000E1D05 /* Stopwatch.xcdatamodeld */ = {
			isa = XCVersionGroup;
			children = (
				08AAFA7019DB7EB7000E1D05 /* Stopwatch.xcdatamodel */,
			);
			currentVersion = 08AAFA7019DB7EB7000E1D05 /* Stopwatch.xcdatamodel */;
			path = Stopwatch.xcdatamodeld;
			sourceTree = "<group>";
			versionGroupType = wrapper.xcdatamodel;
		};
/* End XCVersionGroup section */
	};
	rootObject = 08AAFA6019DB7EB7000E1D05 /* Project object */;
}
